{
  "version": 4,
  "terraform_version": "0.14.3",
  "serial": 55,
  "lineage": "7e76c592-9a97-059f-5385-c0faadd4a980",
  "outputs": {},
  "resources": [
    {
      "mode": "data",
      "type": "aws_caller_identity",
      "name": "current",
      "provider": "provider[\"registry.terraform.io/hashicorp/aws\"]",
      "instances": [
        {
          "schema_version": 0,
          "attributes": {
            "account_id": "674164110845",
            "arn": "arn:aws:iam::674164110845:user/terraform-serverless",
            "id": "674164110845",
            "user_id": "AIDAZZ52P6X6WWAJO2FUT"
          },
          "sensitive_attributes": []
        }
      ]
    },
    {
      "module": "module.bookings",
      "mode": "managed",
      "type": "aws_dynamodb_table",
      "name": "bookings",
      "provider": "provider[\"registry.terraform.io/hashicorp/aws\"]",
      "instances": [
        {
          "schema_version": 1,
          "attributes": {
            "arn": "arn:aws:dynamodb:us-east-1:674164110845:table/prod-bookings",
            "attribute": [
              {
                "name": "id",
                "type": "S"
              }
            ],
            "billing_mode": "PROVISIONED",
            "global_secondary_index": [],
            "hash_key": "id",
            "id": "prod-bookings",
            "local_secondary_index": [],
            "name": "prod-bookings",
            "point_in_time_recovery": [
              {
                "enabled": false
              }
            ],
            "range_key": null,
            "read_capacity": 1,
            "replica": [],
            "server_side_encryption": [],
            "stream_arn": "arn:aws:dynamodb:us-east-1:674164110845:table/prod-bookings/stream/2021-08-02T00:46:17.554",
            "stream_enabled": true,
            "stream_label": "2021-08-02T00:46:17.554",
            "stream_view_type": "NEW_IMAGE",
            "tags": {},
            "tags_all": {},
            "timeouts": null,
            "ttl": [
              {
                "attribute_name": "",
                "enabled": false,
                "kms_key_arn": ""
              }
            ],
            "write_capacity": 1
          },
          "sensitive_attributes": [],
          "private": "eyJlMmJmYjczMC1lY2FhLTExZTYtOGY4OC0zNDM2M2JjN2M0YzAiOnsiY3JlYXRlIjoxMjAwMDAwMDAwMDAwLCJkZWxldGUiOjYwMDAwMDAwMDAwMCwidXBkYXRlIjozNjAwMDAwMDAwMDAwfSwic2NoZW1hX3ZlcnNpb24iOiIxIn0="
        }
      ]
    },
    {
      "module": "module.bookings",
      "mode": "managed",
      "type": "aws_iam_policy",
      "name": "booking_stream_consumer",
      "provider": "provider[\"registry.terraform.io/hashicorp/aws\"]",
      "instances": [
        {
          "schema_version": 0,
          "attributes": {
            "arn": "arn:aws:iam::674164110845:policy/prod-booking-stream-consumer",
            "description": "",
            "id": "arn:aws:iam::674164110845:policy/prod-booking-stream-consumer",
            "name": "prod-booking-stream-consumer",
            "name_prefix": null,
            "path": "/",
            "policy": "{\"Statement\":[{\"Action\":[\"dynamodb:DescribeStream\",\"dynamodb:GetRecords\",\"dynamodb:GetShardIterator\",\"dynamodb:ListStreams\"],\"Effect\":\"Allow\",\"Resource\":\"arn:aws:dynamodb:us-east-1:674164110845:table/prod-bookings/stream/2021-08-02T00:46:17.554\"},{\"Action\":[\"sns:Publish\"],\"Effect\":\"Allow\",\"Resource\":\"arn:aws:sns:us-east-1:674164110845:prod-notifications\"},{\"Action\":[\"logs:CreateLogGroup\",\"logs:CreateLogStream\",\"logs:PutLogEvents\"],\"Effect\":\"Allow\",\"Resource\":\"*\"}],\"Version\":\"2012-10-17\"}",
            "policy_id": "ANPAZZ52P6X6ZGGRJF325",
            "tags": {},
            "tags_all": {}
          },
          "sensitive_attributes": [],
          "private": "bnVsbA==",
          "dependencies": [
            "module.bookings.aws_dynamodb_table.bookings",
            "module.notifications.aws_sns_topic.notifications"
          ]
        }
      ]
    },
    {
      "module": "module.bookings",
      "mode": "managed",
      "type": "aws_iam_policy",
      "name": "create_booking_policy",
      "provider": "provider[\"registry.terraform.io/hashicorp/aws\"]",
      "instances": [
        {
          "schema_version": 0,
          "attributes": {
            "arn": "arn:aws:iam::674164110845:policy/prod-create-booking-policy",
            "description": "",
            "id": "arn:aws:iam::674164110845:policy/prod-create-booking-policy",
            "name": "prod-create-booking-policy",
            "name_prefix": null,
            "path": "/",
            "policy": "{\"Statement\":[{\"Action\":[\"dynamodb:PutItem\"],\"Effect\":\"Allow\",\"Resource\":\"arn:aws:dynamodb:us-east-1:674164110845:table/prod-bookings\"},{\"Action\":[\"logs:CreateLogGroup\",\"logs:CreateLogStream\",\"logs:PutLogEvents\"],\"Effect\":\"Allow\",\"Resource\":\"*\"}],\"Version\":\"2012-10-17\"}",
            "policy_id": "ANPAZZ52P6X64OAAGMLN7",
            "tags": {},
            "tags_all": {}
          },
          "sensitive_attributes": [],
          "private": "bnVsbA==",
          "dependencies": [
            "module.bookings.aws_dynamodb_table.bookings"
          ]
        }
      ]
    },
    {
      "module": "module.bookings",
      "mode": "managed",
      "type": "aws_iam_policy",
      "name": "list_booking_policy",
      "provider": "provider[\"registry.terraform.io/hashicorp/aws\"]",
      "instances": [
        {
          "schema_version": 0,
          "attributes": {
            "arn": "arn:aws:iam::674164110845:policy/prod-list-booking-policy",
            "description": "",
            "id": "arn:aws:iam::674164110845:policy/prod-list-booking-policy",
            "name": "prod-list-booking-policy",
            "name_prefix": null,
            "path": "/",
            "policy": "{\"Statement\":[{\"Action\":[\"dynamodb:Scan\"],\"Effect\":\"Allow\",\"Resource\":\"arn:aws:dynamodb:us-east-1:674164110845:table/prod-bookings\"},{\"Action\":[\"logs:CreateLogGroup\",\"logs:CreateLogStream\",\"logs:PutLogEvents\"],\"Effect\":\"Allow\",\"Resource\":\"*\"}],\"Version\":\"2012-10-17\"}",
            "policy_id": "ANPAZZ52P6X6Q6NUZGYIC",
            "tags": {},
            "tags_all": {}
          },
          "sensitive_attributes": [],
          "private": "bnVsbA==",
          "dependencies": [
            "module.bookings.aws_dynamodb_table.bookings"
          ]
        }
      ]
    },
    {
      "module": "module.bookings",
      "mode": "managed",
      "type": "aws_iam_policy_attachment",
      "name": "booking_stream_consumer_policy_attachment",
      "provider": "provider[\"registry.terraform.io/hashicorp/aws\"]",
      "instances": [
        {
          "schema_version": 0,
          "attributes": {
            "groups": [],
            "id": "prod-booking-stream-consumer-attachment",
            "name": "prod-booking-stream-consumer-attachment",
            "policy_arn": "arn:aws:iam::674164110845:policy/prod-booking-stream-consumer",
            "roles": [
              "prod-booking-stream-consumer-iam-role"
            ],
            "users": []
          },
          "sensitive_attributes": [],
          "private": "bnVsbA==",
          "dependencies": [
            "module.bookings.aws_dynamodb_table.bookings",
            "module.bookings.aws_iam_policy.booking_stream_consumer",
            "module.bookings.aws_iam_role.booking_stream_consumer_iam_role",
            "module.notifications.aws_sns_topic.notifications"
          ]
        }
      ]
    },
    {
      "module": "module.bookings",
      "mode": "managed",
      "type": "aws_iam_policy_attachment",
      "name": "create_booking_policy_attachment",
      "provider": "provider[\"registry.terraform.io/hashicorp/aws\"]",
      "instances": [
        {
          "schema_version": 0,
          "attributes": {
            "groups": [],
            "id": "prod-create-booking-attachment",
            "name": "prod-create-booking-attachment",
            "policy_arn": "arn:aws:iam::674164110845:policy/prod-create-booking-policy",
            "roles": [
              "prod-create-booking-iam-role"
            ],
            "users": []
          },
          "sensitive_attributes": [],
          "private": "bnVsbA==",
          "dependencies": [
            "module.bookings.aws_dynamodb_table.bookings",
            "module.bookings.aws_iam_policy.create_booking_policy",
            "module.bookings.aws_iam_role.create_booking_iam_role"
          ]
        }
      ]
    },
    {
      "module": "module.bookings",
      "mode": "managed",
      "type": "aws_iam_policy_attachment",
      "name": "list_booking_policy_attachment",
      "provider": "provider[\"registry.terraform.io/hashicorp/aws\"]",
      "instances": [
        {
          "schema_version": 0,
          "attributes": {
            "groups": [],
            "id": "prod-list-booking-attachment",
            "name": "prod-list-booking-attachment",
            "policy_arn": "arn:aws:iam::674164110845:policy/prod-list-booking-policy",
            "roles": [
              "prod-list-booking-iam-role"
            ],
            "users": []
          },
          "sensitive_attributes": [],
          "private": "bnVsbA==",
          "dependencies": [
            "module.bookings.aws_dynamodb_table.bookings",
            "module.bookings.aws_iam_policy.list_booking_policy",
            "module.bookings.aws_iam_role.list_booking_iam_role"
          ]
        }
      ]
    },
    {
      "module": "module.bookings",
      "mode": "managed",
      "type": "aws_iam_role",
      "name": "booking_stream_consumer_iam_role",
      "provider": "provider[\"registry.terraform.io/hashicorp/aws\"]",
      "instances": [
        {
          "schema_version": 0,
          "attributes": {
            "arn": "arn:aws:iam::674164110845:role/prod-booking-stream-consumer-iam-role",
            "assume_role_policy": "{\"Version\":\"2012-10-17\",\"Statement\":[{\"Sid\":\"\",\"Effect\":\"Allow\",\"Principal\":{\"Service\":\"lambda.amazonaws.com\"},\"Action\":\"sts:AssumeRole\"}]}",
            "create_date": "2021-08-02T00:46:11Z",
            "description": "",
            "force_detach_policies": false,
            "id": "prod-booking-stream-consumer-iam-role",
            "inline_policy": [
              {
                "name": "",
                "policy": ""
              }
            ],
            "managed_policy_arns": [
              "arn:aws:iam::674164110845:policy/prod-booking-stream-consumer"
            ],
            "max_session_duration": 3600,
            "name": "prod-booking-stream-consumer-iam-role",
            "name_prefix": null,
            "path": "/",
            "permissions_boundary": null,
            "tags": {},
            "tags_all": {},
            "unique_id": "AROAZZ52P6X6UXL2RONOV"
          },
          "sensitive_attributes": [],
          "private": "bnVsbA=="
        }
      ]
    },
    {
      "module": "module.bookings",
      "mode": "managed",
      "type": "aws_iam_role",
      "name": "create_booking_iam_role",
      "provider": "provider[\"registry.terraform.io/hashicorp/aws\"]",
      "instances": [
        {
          "schema_version": 0,
          "attributes": {
            "arn": "arn:aws:iam::674164110845:role/prod-create-booking-iam-role",
            "assume_role_policy": "{\"Version\":\"2012-10-17\",\"Statement\":[{\"Sid\":\"\",\"Effect\":\"Allow\",\"Principal\":{\"Service\":\"lambda.amazonaws.com\"},\"Action\":\"sts:AssumeRole\"}]}",
            "create_date": "2021-08-02T00:46:13Z",
            "description": "",
            "force_detach_policies": false,
            "id": "prod-create-booking-iam-role",
            "inline_policy": [
              {
                "name": "",
                "policy": ""
              }
            ],
            "managed_policy_arns": [
              "arn:aws:iam::674164110845:policy/prod-create-booking-policy"
            ],
            "max_session_duration": 3600,
            "name": "prod-create-booking-iam-role",
            "name_prefix": null,
            "path": "/",
            "permissions_boundary": null,
            "tags": {},
            "tags_all": {},
            "unique_id": "AROAZZ52P6X6X7LB7D52F"
          },
          "sensitive_attributes": [],
          "private": "bnVsbA=="
        }
      ]
    },
    {
      "module": "module.bookings",
      "mode": "managed",
      "type": "aws_iam_role",
      "name": "list_booking_iam_role",
      "provider": "provider[\"registry.terraform.io/hashicorp/aws\"]",
      "instances": [
        {
          "schema_version": 0,
          "attributes": {
            "arn": "arn:aws:iam::674164110845:role/prod-list-booking-iam-role",
            "assume_role_policy": "{\"Version\":\"2012-10-17\",\"Statement\":[{\"Sid\":\"\",\"Effect\":\"Allow\",\"Principal\":{\"Service\":\"lambda.amazonaws.com\"},\"Action\":\"sts:AssumeRole\"}]}",
            "create_date": "2021-08-02T00:46:25Z",
            "description": "",
            "force_detach_policies": false,
            "id": "prod-list-booking-iam-role",
            "inline_policy": [
              {
                "name": "",
                "policy": ""
              }
            ],
            "managed_policy_arns": [
              "arn:aws:iam::674164110845:policy/prod-list-booking-policy"
            ],
            "max_session_duration": 3600,
            "name": "prod-list-booking-iam-role",
            "name_prefix": null,
            "path": "/",
            "permissions_boundary": null,
            "tags": {},
            "tags_all": {},
            "unique_id": "AROAZZ52P6X6X6JXOWHU3"
          },
          "sensitive_attributes": [],
          "private": "bnVsbA=="
        }
      ]
    },
    {
      "module": "module.bookings",
      "mode": "managed",
      "type": "aws_ssm_parameter",
      "name": "booking_stream_consumer_iam_role",
      "provider": "provider[\"registry.terraform.io/hashicorp/aws\"]",
      "instances": [
        {
          "schema_version": 0,
          "attributes": {
            "allowed_pattern": "",
            "arn": "arn:aws:ssm:us-east-1:674164110845:parameter/prod-booking-stream-consumer-iam-role",
            "data_type": "text",
            "description": "",
            "id": "prod-booking-stream-consumer-iam-role",
            "key_id": "",
            "name": "prod-booking-stream-consumer-iam-role",
            "overwrite": null,
            "tags": {},
            "tags_all": {},
            "tier": "Standard",
            "type": "String",
            "value": "arn:aws:iam::674164110845:role/prod-booking-stream-consumer-iam-role",
            "version": 1
          },
          "sensitive_attributes": [],
          "private": "bnVsbA==",
          "dependencies": [
            "module.bookings.aws_iam_role.booking_stream_consumer_iam_role"
          ]
        }
      ]
    },
    {
      "module": "module.bookings",
      "mode": "managed",
      "type": "aws_ssm_parameter",
      "name": "create_booking_iam_role",
      "provider": "provider[\"registry.terraform.io/hashicorp/aws\"]",
      "instances": [
        {
          "schema_version": 0,
          "attributes": {
            "allowed_pattern": "",
            "arn": "arn:aws:ssm:us-east-1:674164110845:parameter/prod-create-booking-iam-role",
            "data_type": "text",
            "description": "",
            "id": "prod-create-booking-iam-role",
            "key_id": "",
            "name": "prod-create-booking-iam-role",
            "overwrite": null,
            "tags": {},
            "tags_all": {},
            "tier": "Standard",
            "type": "String",
            "value": "arn:aws:iam::674164110845:role/prod-create-booking-iam-role",
            "version": 1
          },
          "sensitive_attributes": [],
          "private": "bnVsbA==",
          "dependencies": [
            "module.bookings.aws_iam_role.create_booking_iam_role"
          ]
        }
      ]
    },
    {
      "module": "module.bookings",
      "mode": "managed",
      "type": "aws_ssm_parameter",
      "name": "dynamodb-bookings-stream",
      "provider": "provider[\"registry.terraform.io/hashicorp/aws\"]",
      "instances": [
        {
          "schema_version": 0,
          "attributes": {
            "allowed_pattern": "",
            "arn": "arn:aws:ssm:us-east-1:674164110845:parameter/prod-dynamodb-bookings-stream",
            "data_type": "text",
            "description": "",
            "id": "prod-dynamodb-bookings-stream",
            "key_id": "",
            "name": "prod-dynamodb-bookings-stream",
            "overwrite": null,
            "tags": {},
            "tags_all": {},
            "tier": "Standard",
            "type": "String",
            "value": "arn:aws:dynamodb:us-east-1:674164110845:table/prod-bookings/stream/2021-08-02T00:46:17.554",
            "version": 1
          },
          "sensitive_attributes": [],
          "private": "bnVsbA==",
          "dependencies": [
            "module.bookings.aws_dynamodb_table.bookings"
          ]
        }
      ]
    },
    {
      "module": "module.bookings",
      "mode": "managed",
      "type": "aws_ssm_parameter",
      "name": "dynamodb-bookings-table",
      "provider": "provider[\"registry.terraform.io/hashicorp/aws\"]",
      "instances": [
        {
          "schema_version": 0,
          "attributes": {
            "allowed_pattern": "",
            "arn": "arn:aws:ssm:us-east-1:674164110845:parameter/prod-dynamodb-bookings-table",
            "data_type": "text",
            "description": "",
            "id": "prod-dynamodb-bookings-table",
            "key_id": "",
            "name": "prod-dynamodb-bookings-table",
            "overwrite": null,
            "tags": {},
            "tags_all": {},
            "tier": "Standard",
            "type": "String",
            "value": "prod-bookings",
            "version": 1
          },
          "sensitive_attributes": [],
          "private": "bnVsbA==",
          "dependencies": [
            "module.bookings.aws_dynamodb_table.bookings"
          ]
        }
      ]
    },
    {
      "module": "module.bookings",
      "mode": "managed",
      "type": "aws_ssm_parameter",
      "name": "list-booking_iam_role",
      "provider": "provider[\"registry.terraform.io/hashicorp/aws\"]",
      "instances": [
        {
          "schema_version": 0,
          "attributes": {
            "allowed_pattern": "",
            "arn": "arn:aws:ssm:us-east-1:674164110845:parameter/prod-list-booking-iam-role",
            "data_type": "text",
            "description": "",
            "id": "prod-list-booking-iam-role",
            "key_id": "",
            "name": "prod-list-booking-iam-role",
            "overwrite": null,
            "tags": {},
            "tags_all": {},
            "tier": "Standard",
            "type": "String",
            "value": "arn:aws:iam::674164110845:role/prod-list-booking-iam-role",
            "version": 1
          },
          "sensitive_attributes": [],
          "private": "bnVsbA==",
          "dependencies": [
            "module.bookings.aws_iam_role.list_booking_iam_role"
          ]
        }
      ]
    },
    {
      "module": "module.notifications",
      "mode": "managed",
      "type": "aws_iam_policy",
      "name": "email_policy",
      "provider": "provider[\"registry.terraform.io/hashicorp/aws\"]",
      "instances": [
        {
          "schema_version": 0,
          "attributes": {
            "arn": "arn:aws:iam::674164110845:policy/prod-email_policy",
            "description": "",
            "id": "arn:aws:iam::674164110845:policy/prod-email_policy",
            "name": "prod-email_policy",
            "name_prefix": null,
            "path": "/",
            "policy": "{\"Statement\":[{\"Action\":[\"sqs:ReceiveMessage\",\"sqs:DeleteMessage\",\"sqs:GetQueueAttributes\"],\"Effect\":\"Allow\",\"Resource\":\"arn:aws:sqs:us-east-1:674164110845:prod-email-queue\"},{\"Action\":[\"sns:Publish\"],\"Effect\":\"Allow\",\"Resource\":\"arn:aws:sqs:us-east-1:674164110845:prod-email-queue\"},{\"Action\":[\"logs:CreateLogGroup\",\"logs:CreateLogStream\",\"logs:PutLogEvents\"],\"Effect\":\"Allow\",\"Resource\":\"*\"}],\"Version\":\"2012-10-17\"}",
            "policy_id": "ANPAZZ52P6X6R7ZUIUJWF",
            "tags": {},
            "tags_all": {}
          },
          "sensitive_attributes": [],
          "private": "bnVsbA==",
          "dependencies": [
            "data.aws_caller_identity.current",
            "module.notifications.aws_sns_topic.notifications",
            "module.notifications.aws_sqs_queue.email",
            "module.notifications.aws_sqs_queue.email_dlq"
          ]
        }
      ]
    },
    {
      "module": "module.notifications",
      "mode": "managed",
      "type": "aws_iam_policy",
      "name": "sms_policy",
      "provider": "provider[\"registry.terraform.io/hashicorp/aws\"]",
      "instances": [
        {
          "schema_version": 0,
          "attributes": {
            "arn": "arn:aws:iam::674164110845:policy/prod-sms_policy",
            "description": "",
            "id": "arn:aws:iam::674164110845:policy/prod-sms_policy",
            "name": "prod-sms_policy",
            "name_prefix": null,
            "path": "/",
            "policy": "{\"Statement\":[{\"Action\":[\"sqs:ReceiveMessage\",\"sqs:DeleteMessage\",\"sqs:GetQueueAttributes\"],\"Effect\":\"Allow\",\"Resource\":\"arn:aws:sqs:us-east-1:674164110845:prod-sms-queue\"},{\"Action\":[\"sns:Publish\"],\"Effect\":\"Allow\",\"Resource\":\"arn:aws:sqs:us-east-1:674164110845:prod-sms-queue\"},{\"Action\":[\"logs:CreateLogGroup\",\"logs:CreateLogStream\",\"logs:PutLogEvents\"],\"Effect\":\"Allow\",\"Resource\":\"*\"}],\"Version\":\"2012-10-17\"}",
            "policy_id": "ANPAZZ52P6X66BFSPHYCI",
            "tags": {},
            "tags_all": {}
          },
          "sensitive_attributes": [],
          "private": "bnVsbA==",
          "dependencies": [
            "data.aws_caller_identity.current",
            "module.notifications.aws_sns_topic.notifications",
            "module.notifications.aws_sqs_queue.sms",
            "module.notifications.aws_sqs_queue.sms_dlq"
          ]
        }
      ]
    },
    {
      "module": "module.notifications",
      "mode": "managed",
      "type": "aws_iam_policy_attachment",
      "name": "email_policy_attachment",
      "provider": "provider[\"registry.terraform.io/hashicorp/aws\"]",
      "instances": [
        {
          "schema_version": 0,
          "attributes": {
            "groups": [],
            "id": "prod-email-attachment",
            "name": "prod-email-attachment",
            "policy_arn": "arn:aws:iam::674164110845:policy/prod-email_policy",
            "roles": [
              "prod-email-iam-role"
            ],
            "users": []
          },
          "sensitive_attributes": [],
          "private": "bnVsbA==",
          "dependencies": [
            "data.aws_caller_identity.current",
            "module.notifications.aws_iam_policy.email_policy",
            "module.notifications.aws_iam_role.email_iam_role",
            "module.notifications.aws_sns_topic.notifications",
            "module.notifications.aws_sqs_queue.email",
            "module.notifications.aws_sqs_queue.email_dlq"
          ]
        }
      ]
    },
    {
      "module": "module.notifications",
      "mode": "managed",
      "type": "aws_iam_policy_attachment",
      "name": "sms_policy_attachment",
      "provider": "provider[\"registry.terraform.io/hashicorp/aws\"]",
      "instances": [
        {
          "schema_version": 0,
          "attributes": {
            "groups": [],
            "id": "prod-sms-attachment",
            "name": "prod-sms-attachment",
            "policy_arn": "arn:aws:iam::674164110845:policy/prod-sms_policy",
            "roles": [
              "prod-sms-iam-role"
            ],
            "users": []
          },
          "sensitive_attributes": [],
          "private": "bnVsbA==",
          "dependencies": [
            "data.aws_caller_identity.current",
            "module.notifications.aws_iam_policy.sms_policy",
            "module.notifications.aws_iam_role.sms_iam_role",
            "module.notifications.aws_sns_topic.notifications",
            "module.notifications.aws_sqs_queue.sms",
            "module.notifications.aws_sqs_queue.sms_dlq"
          ]
        }
      ]
    },
    {
      "module": "module.notifications",
      "mode": "managed",
      "type": "aws_iam_role",
      "name": "email_iam_role",
      "provider": "provider[\"registry.terraform.io/hashicorp/aws\"]",
      "instances": [
        {
          "schema_version": 0,
          "attributes": {
            "arn": "arn:aws:iam::674164110845:role/prod-email-iam-role",
            "assume_role_policy": "{\"Version\":\"2012-10-17\",\"Statement\":[{\"Sid\":\"\",\"Effect\":\"Allow\",\"Principal\":{\"Service\":\"lambda.amazonaws.com\"},\"Action\":\"sts:AssumeRole\"}]}",
            "create_date": "2021-08-02T00:46:13Z",
            "description": "",
            "force_detach_policies": false,
            "id": "prod-email-iam-role",
            "inline_policy": [
              {
                "name": "",
                "policy": ""
              }
            ],
            "managed_policy_arns": [
              "arn:aws:iam::674164110845:policy/prod-email_policy"
            ],
            "max_session_duration": 3600,
            "name": "prod-email-iam-role",
            "name_prefix": null,
            "path": "/",
            "permissions_boundary": null,
            "tags": {},
            "tags_all": {},
            "unique_id": "AROAZZ52P6X6RK3DAXU45"
          },
          "sensitive_attributes": [],
          "private": "bnVsbA=="
        }
      ]
    },
    {
      "module": "module.notifications",
      "mode": "managed",
      "type": "aws_iam_role",
      "name": "sms_iam_role",
      "provider": "provider[\"registry.terraform.io/hashicorp/aws\"]",
      "instances": [
        {
          "schema_version": 0,
          "attributes": {
            "arn": "arn:aws:iam::674164110845:role/prod-sms-iam-role",
            "assume_role_policy": "{\"Version\":\"2012-10-17\",\"Statement\":[{\"Sid\":\"\",\"Effect\":\"Allow\",\"Principal\":{\"Service\":\"lambda.amazonaws.com\"},\"Action\":\"sts:AssumeRole\"}]}",
            "create_date": "2021-08-02T00:46:17Z",
            "description": "",
            "force_detach_policies": false,
            "id": "prod-sms-iam-role",
            "inline_policy": [
              {
                "name": "",
                "policy": ""
              }
            ],
            "managed_policy_arns": [
              "arn:aws:iam::674164110845:policy/prod-sms_policy"
            ],
            "max_session_duration": 3600,
            "name": "prod-sms-iam-role",
            "name_prefix": null,
            "path": "/",
            "permissions_boundary": null,
            "tags": {},
            "tags_all": {},
            "unique_id": "AROAZZ52P6X6UJPUJWVXT"
          },
          "sensitive_attributes": [],
          "private": "bnVsbA=="
        }
      ]
    },
    {
      "module": "module.notifications",
      "mode": "managed",
      "type": "aws_sns_topic",
      "name": "notifications",
      "provider": "provider[\"registry.terraform.io/hashicorp/aws\"]",
      "instances": [
        {
          "schema_version": 0,
          "attributes": {
            "application_failure_feedback_role_arn": "",
            "application_success_feedback_role_arn": "",
            "application_success_feedback_sample_rate": null,
            "arn": "arn:aws:sns:us-east-1:674164110845:prod-notifications",
            "content_based_deduplication": false,
            "delivery_policy": "",
            "display_name": "",
            "fifo_topic": false,
            "firehose_failure_feedback_role_arn": "",
            "firehose_success_feedback_role_arn": "",
            "firehose_success_feedback_sample_rate": null,
            "http_failure_feedback_role_arn": "",
            "http_success_feedback_role_arn": "",
            "http_success_feedback_sample_rate": null,
            "id": "arn:aws:sns:us-east-1:674164110845:prod-notifications",
            "kms_master_key_id": "",
            "lambda_failure_feedback_role_arn": "",
            "lambda_success_feedback_role_arn": "",
            "lambda_success_feedback_sample_rate": null,
            "name": "prod-notifications",
            "name_prefix": "",
            "owner": "674164110845",
            "policy": "{\"Version\":\"2008-10-17\",\"Id\":\"__default_policy_ID\",\"Statement\":[{\"Sid\":\"__default_statement_ID\",\"Effect\":\"Allow\",\"Principal\":{\"AWS\":\"*\"},\"Action\":[\"SNS:GetTopicAttributes\",\"SNS:SetTopicAttributes\",\"SNS:AddPermission\",\"SNS:RemovePermission\",\"SNS:DeleteTopic\",\"SNS:Subscribe\",\"SNS:ListSubscriptionsByTopic\",\"SNS:Publish\",\"SNS:Receive\"],\"Resource\":\"arn:aws:sns:us-east-1:674164110845:prod-notifications\",\"Condition\":{\"StringEquals\":{\"AWS:SourceOwner\":\"674164110845\"}}}]}",
            "sqs_failure_feedback_role_arn": "",
            "sqs_success_feedback_role_arn": "",
            "sqs_success_feedback_sample_rate": null,
            "tags": {},
            "tags_all": {}
          },
          "sensitive_attributes": [],
          "private": "bnVsbA=="
        }
      ]
    },
    {
      "module": "module.notifications",
      "mode": "managed",
      "type": "aws_sns_topic_subscription",
      "name": "email_subscription",
      "provider": "provider[\"registry.terraform.io/hashicorp/aws\"]",
      "instances": [
        {
          "schema_version": 0,
          "attributes": {
            "arn": "arn:aws:sns:us-east-1:674164110845:prod-notifications:2d98f16b-12aa-4e0b-b925-0c5b54c32660",
            "confirmation_timeout_in_minutes": 1,
            "confirmation_was_authenticated": true,
            "delivery_policy": "",
            "endpoint": "arn:aws:sqs:us-east-1:674164110845:prod-email-queue",
            "endpoint_auto_confirms": false,
            "filter_policy": "",
            "id": "arn:aws:sns:us-east-1:674164110845:prod-notifications:2d98f16b-12aa-4e0b-b925-0c5b54c32660",
            "owner_id": "674164110845",
            "pending_confirmation": false,
            "protocol": "sqs",
            "raw_message_delivery": false,
            "redrive_policy": "",
            "subscription_role_arn": "",
            "topic_arn": "arn:aws:sns:us-east-1:674164110845:prod-notifications"
          },
          "sensitive_attributes": [],
          "private": "bnVsbA==",
          "dependencies": [
            "data.aws_caller_identity.current",
            "module.notifications.aws_sns_topic.notifications",
            "module.notifications.aws_sqs_queue.email",
            "module.notifications.aws_sqs_queue.email_dlq"
          ]
        }
      ]
    },
    {
      "module": "module.notifications",
      "mode": "managed",
      "type": "aws_sns_topic_subscription",
      "name": "sms_subscription",
      "provider": "provider[\"registry.terraform.io/hashicorp/aws\"]",
      "instances": [
        {
          "schema_version": 0,
          "attributes": {
            "arn": "arn:aws:sns:us-east-1:674164110845:prod-notifications:584fb1ac-93b9-4450-aef0-ba0b740179f5",
            "confirmation_timeout_in_minutes": 1,
            "confirmation_was_authenticated": true,
            "delivery_policy": "",
            "endpoint": "arn:aws:sqs:us-east-1:674164110845:prod-sms-queue",
            "endpoint_auto_confirms": false,
            "filter_policy": "",
            "id": "arn:aws:sns:us-east-1:674164110845:prod-notifications:584fb1ac-93b9-4450-aef0-ba0b740179f5",
            "owner_id": "674164110845",
            "pending_confirmation": false,
            "protocol": "sqs",
            "raw_message_delivery": false,
            "redrive_policy": "",
            "subscription_role_arn": "",
            "topic_arn": "arn:aws:sns:us-east-1:674164110845:prod-notifications"
          },
          "sensitive_attributes": [],
          "private": "bnVsbA==",
          "dependencies": [
            "data.aws_caller_identity.current",
            "module.notifications.aws_sns_topic.notifications",
            "module.notifications.aws_sqs_queue.sms",
            "module.notifications.aws_sqs_queue.sms_dlq"
          ]
        }
      ]
    },
    {
      "module": "module.notifications",
      "mode": "managed",
      "type": "aws_sqs_queue",
      "name": "email",
      "provider": "provider[\"registry.terraform.io/hashicorp/aws\"]",
      "instances": [
        {
          "schema_version": 0,
          "attributes": {
            "arn": "arn:aws:sqs:us-east-1:674164110845:prod-email-queue",
            "content_based_deduplication": false,
            "deduplication_scope": "",
            "delay_seconds": 0,
            "fifo_queue": false,
            "fifo_throughput_limit": "",
            "id": "https://sqs.us-east-1.amazonaws.com/674164110845/prod-email-queue",
            "kms_data_key_reuse_period_seconds": 300,
            "kms_master_key_id": "",
            "max_message_size": 262144,
            "message_retention_seconds": 345600,
            "name": "prod-email-queue",
            "name_prefix": "",
            "policy": "{\"Version\":\"2012-10-17\",\"Statement\":[{\"Effect\":\"Allow\",\"Principal\":\"*\",\"Action\":\"sqs:SendMessage\",\"Resource\":\"arn:aws:sqs:us-east-1:674164110845:prod-email-queue\",\"Condition\":{\"ArnEquals\":{\"aws:SourceArn\":\"arn:aws:sns:us-east-1:674164110845:prod-notifications\"}}}]}",
            "receive_wait_time_seconds": 0,
            "redrive_policy": "{\"deadLetterTargetArn\":\"arn:aws:sqs:us-east-1:674164110845:prod-email-queue_dlq\",\"maxReceiveCount\":3}",
            "tags": {},
            "tags_all": {},
            "url": "https://sqs.us-east-1.amazonaws.com/674164110845/prod-email-queue",
            "visibility_timeout_seconds": 30
          },
          "sensitive_attributes": [],
          "private": "bnVsbA==",
          "dependencies": [
            "data.aws_caller_identity.current",
            "module.notifications.aws_sns_topic.notifications",
            "module.notifications.aws_sqs_queue.email_dlq"
          ]
        }
      ]
    },
    {
      "module": "module.notifications",
      "mode": "managed",
      "type": "aws_sqs_queue",
      "name": "email_dlq",
      "provider": "provider[\"registry.terraform.io/hashicorp/aws\"]",
      "instances": [
        {
          "schema_version": 0,
          "attributes": {
            "arn": "arn:aws:sqs:us-east-1:674164110845:prod-email-queue_dlq",
            "content_based_deduplication": false,
            "deduplication_scope": "",
            "delay_seconds": 0,
            "fifo_queue": false,
            "fifo_throughput_limit": "",
            "id": "https://sqs.us-east-1.amazonaws.com/674164110845/prod-email-queue_dlq",
            "kms_data_key_reuse_period_seconds": 300,
            "kms_master_key_id": "",
            "max_message_size": 262144,
            "message_retention_seconds": 345600,
            "name": "prod-email-queue_dlq",
            "name_prefix": "",
            "policy": "",
            "receive_wait_time_seconds": 0,
            "redrive_policy": "",
            "tags": {},
            "tags_all": {},
            "url": "https://sqs.us-east-1.amazonaws.com/674164110845/prod-email-queue_dlq",
            "visibility_timeout_seconds": 30
          },
          "sensitive_attributes": [],
          "private": "bnVsbA=="
        }
      ]
    },
    {
      "module": "module.notifications",
      "mode": "managed",
      "type": "aws_sqs_queue",
      "name": "sms",
      "provider": "provider[\"registry.terraform.io/hashicorp/aws\"]",
      "instances": [
        {
          "schema_version": 0,
          "attributes": {
            "arn": "arn:aws:sqs:us-east-1:674164110845:prod-sms-queue",
            "content_based_deduplication": false,
            "deduplication_scope": "",
            "delay_seconds": 0,
            "fifo_queue": false,
            "fifo_throughput_limit": "",
            "id": "https://sqs.us-east-1.amazonaws.com/674164110845/prod-sms-queue",
            "kms_data_key_reuse_period_seconds": 300,
            "kms_master_key_id": "",
            "max_message_size": 262144,
            "message_retention_seconds": 345600,
            "name": "prod-sms-queue",
            "name_prefix": "",
            "policy": "{\"Version\":\"2012-10-17\",\"Statement\":[{\"Effect\":\"Allow\",\"Principal\":\"*\",\"Action\":\"sqs:SendMessage\",\"Resource\":\"arn:aws:sqs:us-east-1:674164110845:prod-sms-queue\",\"Condition\":{\"ArnEquals\":{\"aws:SourceArn\":\"arn:aws:sns:us-east-1:674164110845:prod-notifications\"}}}]}",
            "receive_wait_time_seconds": 0,
            "redrive_policy": "{\"deadLetterTargetArn\":\"arn:aws:sqs:us-east-1:674164110845:prod-sms-queue_dlq\",\"maxReceiveCount\":3}",
            "tags": {},
            "tags_all": {},
            "url": "https://sqs.us-east-1.amazonaws.com/674164110845/prod-sms-queue",
            "visibility_timeout_seconds": 30
          },
          "sensitive_attributes": [],
          "private": "bnVsbA==",
          "dependencies": [
            "data.aws_caller_identity.current",
            "module.notifications.aws_sns_topic.notifications",
            "module.notifications.aws_sqs_queue.sms_dlq"
          ]
        }
      ]
    },
    {
      "module": "module.notifications",
      "mode": "managed",
      "type": "aws_sqs_queue",
      "name": "sms_dlq",
      "provider": "provider[\"registry.terraform.io/hashicorp/aws\"]",
      "instances": [
        {
          "schema_version": 0,
          "attributes": {
            "arn": "arn:aws:sqs:us-east-1:674164110845:prod-sms-queue_dlq",
            "content_based_deduplication": false,
            "deduplication_scope": "",
            "delay_seconds": 0,
            "fifo_queue": false,
            "fifo_throughput_limit": "",
            "id": "https://sqs.us-east-1.amazonaws.com/674164110845/prod-sms-queue_dlq",
            "kms_data_key_reuse_period_seconds": 300,
            "kms_master_key_id": "",
            "max_message_size": 262144,
            "message_retention_seconds": 345600,
            "name": "prod-sms-queue_dlq",
            "name_prefix": "",
            "policy": "",
            "receive_wait_time_seconds": 0,
            "redrive_policy": "",
            "tags": {},
            "tags_all": {},
            "url": "https://sqs.us-east-1.amazonaws.com/674164110845/prod-sms-queue_dlq",
            "visibility_timeout_seconds": 30
          },
          "sensitive_attributes": [],
          "private": "bnVsbA=="
        }
      ]
    },
    {
      "module": "module.notifications",
      "mode": "managed",
      "type": "aws_ssm_parameter",
      "name": "email-sqs",
      "provider": "provider[\"registry.terraform.io/hashicorp/aws\"]",
      "instances": [
        {
          "schema_version": 0,
          "attributes": {
            "allowed_pattern": "",
            "arn": "arn:aws:ssm:us-east-1:674164110845:parameter/prod-email-sqs",
            "data_type": "text",
            "description": "",
            "id": "prod-email-sqs",
            "key_id": "",
            "name": "prod-email-sqs",
            "overwrite": null,
            "tags": {},
            "tags_all": {},
            "tier": "Standard",
            "type": "String",
            "value": "arn:aws:sqs:us-east-1:674164110845:prod-email-queue",
            "version": 1
          },
          "sensitive_attributes": [],
          "private": "bnVsbA==",
          "dependencies": [
            "data.aws_caller_identity.current",
            "module.notifications.aws_sns_topic.notifications",
            "module.notifications.aws_sqs_queue.email",
            "module.notifications.aws_sqs_queue.email_dlq"
          ]
        }
      ]
    },
    {
      "module": "module.notifications",
      "mode": "managed",
      "type": "aws_ssm_parameter",
      "name": "email_iam_role",
      "provider": "provider[\"registry.terraform.io/hashicorp/aws\"]",
      "instances": [
        {
          "schema_version": 0,
          "attributes": {
            "allowed_pattern": "",
            "arn": "arn:aws:ssm:us-east-1:674164110845:parameter/prod-email-iam-role",
            "data_type": "text",
            "description": "",
            "id": "prod-email-iam-role",
            "key_id": "",
            "name": "prod-email-iam-role",
            "overwrite": null,
            "tags": {},
            "tags_all": {},
            "tier": "Standard",
            "type": "String",
            "value": "arn:aws:iam::674164110845:role/prod-email-iam-role",
            "version": 1
          },
          "sensitive_attributes": [],
          "private": "bnVsbA==",
          "dependencies": [
            "module.notifications.aws_iam_role.email_iam_role"
          ]
        }
      ]
    },
    {
      "module": "module.notifications",
      "mode": "managed",
      "type": "aws_ssm_parameter",
      "name": "notifications_topic",
      "provider": "provider[\"registry.terraform.io/hashicorp/aws\"]",
      "instances": [
        {
          "schema_version": 0,
          "attributes": {
            "allowed_pattern": "",
            "arn": "arn:aws:ssm:us-east-1:674164110845:parameter/prod-notifications-topic",
            "data_type": "text",
            "description": "",
            "id": "prod-notifications-topic",
            "key_id": "",
            "name": "prod-notifications-topic",
            "overwrite": null,
            "tags": {},
            "tags_all": {},
            "tier": "Standard",
            "type": "String",
            "value": "arn:aws:sns:us-east-1:674164110845:prod-notifications",
            "version": 1
          },
          "sensitive_attributes": [],
          "private": "bnVsbA==",
          "dependencies": [
            "module.notifications.aws_sns_topic.notifications"
          ]
        }
      ]
    },
    {
      "module": "module.notifications",
      "mode": "managed",
      "type": "aws_ssm_parameter",
      "name": "sms-sqs",
      "provider": "provider[\"registry.terraform.io/hashicorp/aws\"]",
      "instances": [
        {
          "schema_version": 0,
          "attributes": {
            "allowed_pattern": "",
            "arn": "arn:aws:ssm:us-east-1:674164110845:parameter/prod-sms-sqs",
            "data_type": "text",
            "description": "",
            "id": "prod-sms-sqs",
            "key_id": "",
            "name": "prod-sms-sqs",
            "overwrite": null,
            "tags": {},
            "tags_all": {},
            "tier": "Standard",
            "type": "String",
            "value": "arn:aws:sqs:us-east-1:674164110845:prod-sms-queue",
            "version": 1
          },
          "sensitive_attributes": [],
          "private": "bnVsbA==",
          "dependencies": [
            "data.aws_caller_identity.current",
            "module.notifications.aws_sns_topic.notifications",
            "module.notifications.aws_sqs_queue.sms",
            "module.notifications.aws_sqs_queue.sms_dlq"
          ]
        }
      ]
    },
    {
      "module": "module.notifications",
      "mode": "managed",
      "type": "aws_ssm_parameter",
      "name": "sms_iam_role",
      "provider": "provider[\"registry.terraform.io/hashicorp/aws\"]",
      "instances": [
        {
          "schema_version": 0,
          "attributes": {
            "allowed_pattern": "",
            "arn": "arn:aws:ssm:us-east-1:674164110845:parameter/prod-sms-iam-role",
            "data_type": "text",
            "description": "",
            "id": "prod-sms-iam-role",
            "key_id": "",
            "name": "prod-sms-iam-role",
            "overwrite": null,
            "tags": {},
            "tags_all": {},
            "tier": "Standard",
            "type": "String",
            "value": "arn:aws:iam::674164110845:role/prod-sms-iam-role",
            "version": 1
          },
          "sensitive_attributes": [],
          "private": "bnVsbA==",
          "dependencies": [
            "module.notifications.aws_iam_role.sms_iam_role"
          ]
        }
      ]
    },
    {
      "module": "module.system",
      "mode": "managed",
      "type": "aws_ssm_parameter",
      "name": "email_from",
      "provider": "provider[\"registry.terraform.io/hashicorp/aws\"]",
      "instances": [
        {
          "schema_version": 0,
          "attributes": {
            "allowed_pattern": "",
            "arn": "arn:aws:ssm:us-east-1:674164110845:parameter/prod-email-from",
            "data_type": "text",
            "description": "",
            "id": "prod-email-from",
            "key_id": "",
            "name": "prod-email-from",
            "overwrite": null,
            "tags": {},
            "tags_all": {},
            "tier": "Standard",
            "type": "String",
            "value": "magnolia.grady@ethereal.email",
            "version": 1
          },
          "sensitive_attributes": [],
          "private": "bnVsbA=="
        }
      ]
    },
    {
      "module": "module.system",
      "mode": "managed",
      "type": "aws_ssm_parameter",
      "name": "email_from_password",
      "provider": "provider[\"registry.terraform.io/hashicorp/aws\"]",
      "instances": [
        {
          "schema_version": 0,
          "attributes": {
            "allowed_pattern": "",
            "arn": "arn:aws:ssm:us-east-1:674164110845:parameter/prod-email-from-password",
            "data_type": "text",
            "description": "",
            "id": "prod-email-from-password",
            "key_id": "",
            "name": "prod-email-from-password",
            "overwrite": null,
            "tags": {},
            "tags_all": {},
            "tier": "Standard",
            "type": "String",
            "value": "DzZuTwC45HEYpz4dqm",
            "version": 1
          },
          "sensitive_attributes": [],
          "private": "bnVsbA=="
        }
      ]
    },
    {
      "module": "module.system",
      "mode": "managed",
      "type": "aws_ssm_parameter",
      "name": "email_to",
      "provider": "provider[\"registry.terraform.io/hashicorp/aws\"]",
      "instances": [
        {
          "schema_version": 0,
          "attributes": {
            "allowed_pattern": "",
            "arn": "arn:aws:ssm:us-east-1:674164110845:parameter/prod-email-to",
            "data_type": "text",
            "description": "",
            "id": "prod-email-to",
            "key_id": "",
            "name": "prod-email-to",
            "overwrite": null,
            "tags": {},
            "tags_all": {},
            "tier": "Standard",
            "type": "String",
            "value": "hojebo2374@flipssl.com",
            "version": 1
          },
          "sensitive_attributes": [],
          "private": "bnVsbA=="
        }
      ]
    },
    {
      "module": "module.system",
      "mode": "managed",
      "type": "aws_ssm_parameter",
      "name": "message-bird-api-key",
      "provider": "provider[\"registry.terraform.io/hashicorp/aws\"]",
      "instances": [
        {
          "schema_version": 0,
          "attributes": {
            "allowed_pattern": "",
            "arn": "arn:aws:ssm:us-east-1:674164110845:parameter/prod-message-bird-api-key",
            "data_type": "text",
            "description": "",
            "id": "prod-message-bird-api-key",
            "key_id": "",
            "name": "prod-message-bird-api-key",
            "overwrite": null,
            "tags": {},
            "tags_all": {},
            "tier": "Standard",
            "type": "String",
            "value": "12",
            "version": 1
          },
          "sensitive_attributes": [],
          "private": "bnVsbA=="
        }
      ]
    },
    {
      "module": "module.system",
      "mode": "managed",
      "type": "aws_ssm_parameter",
      "name": "sms-phone-from",
      "provider": "provider[\"registry.terraform.io/hashicorp/aws\"]",
      "instances": [
        {
          "schema_version": 0,
          "attributes": {
            "allowed_pattern": "",
            "arn": "arn:aws:ssm:us-east-1:674164110845:parameter/prod-sms-phone-from",
            "data_type": "text",
            "description": "",
            "id": "prod-sms-phone-from",
            "key_id": "",
            "name": "prod-sms-phone-from",
            "overwrite": null,
            "tags": {},
            "tags_all": {},
            "tier": "Standard",
            "type": "String",
            "value": "12",
            "version": 1
          },
          "sensitive_attributes": [],
          "private": "bnVsbA=="
        }
      ]
    },
    {
      "module": "module.system",
      "mode": "managed",
      "type": "aws_ssm_parameter",
      "name": "sms-phone-to",
      "provider": "provider[\"registry.terraform.io/hashicorp/aws\"]",
      "instances": [
        {
          "schema_version": 0,
          "attributes": {
            "allowed_pattern": "",
            "arn": "arn:aws:ssm:us-east-1:674164110845:parameter/prod-sms-phone-to",
            "data_type": "text",
            "description": "",
            "id": "prod-sms-phone-to",
            "key_id": "",
            "name": "prod-sms-phone-to",
            "overwrite": null,
            "tags": {},
            "tags_all": {},
            "tier": "Standard",
            "type": "String",
            "value": "12",
            "version": 1
          },
          "sensitive_attributes": [],
          "private": "bnVsbA=="
        }
      ]
    },
    {
      "module": "module.system",
      "mode": "managed",
      "type": "aws_ssm_parameter",
      "name": "smtp_server",
      "provider": "provider[\"registry.terraform.io/hashicorp/aws\"]",
      "instances": [
        {
          "schema_version": 0,
          "attributes": {
            "allowed_pattern": "",
            "arn": "arn:aws:ssm:us-east-1:674164110845:parameter/prod-smtp-server",
            "data_type": "text",
            "description": "",
            "id": "prod-smtp-server",
            "key_id": "",
            "name": "prod-smtp-server",
            "overwrite": null,
            "tags": {},
            "tags_all": {},
            "tier": "Standard",
            "type": "String",
            "value": "smtp.ethereal.email",
            "version": 1
          },
          "sensitive_attributes": [],
          "private": "bnVsbA=="
        }
      ]
    },
    {
      "module": "module.users",
      "mode": "managed",
      "type": "aws_dynamodb_table",
      "name": "users",
      "provider": "provider[\"registry.terraform.io/hashicorp/aws\"]",
      "instances": [
        {
          "schema_version": 1,
          "attributes": {
            "arn": "arn:aws:dynamodb:us-east-1:674164110845:table/prod-users",
            "attribute": [
              {
                "name": "email",
                "type": "S"
              },
              {
                "name": "id",
                "type": "S"
              }
            ],
            "billing_mode": "PROVISIONED",
            "global_secondary_index": [
              {
                "hash_key": "email",
                "name": "prod-email-gsi",
                "non_key_attributes": [],
                "projection_type": "ALL",
                "range_key": "",
                "read_capacity": 1,
                "write_capacity": 1
              }
            ],
            "hash_key": "id",
            "id": "prod-users",
            "local_secondary_index": [],
            "name": "prod-users",
            "point_in_time_recovery": [
              {
                "enabled": false
              }
            ],
            "range_key": null,
            "read_capacity": 1,
            "replica": [],
            "server_side_encryption": [],
            "stream_arn": "",
            "stream_enabled": false,
            "stream_label": "",
            "stream_view_type": "",
            "tags": {},
            "tags_all": {},
            "timeouts": null,
            "ttl": [
              {
                "attribute_name": "",
                "enabled": false,
                "kms_key_arn": ""
              }
            ],
            "write_capacity": 1
          },
          "sensitive_attributes": [],
          "private": "eyJlMmJmYjczMC1lY2FhLTExZTYtOGY4OC0zNDM2M2JjN2M0YzAiOnsiY3JlYXRlIjoxMjAwMDAwMDAwMDAwLCJkZWxldGUiOjYwMDAwMDAwMDAwMCwidXBkYXRlIjozNjAwMDAwMDAwMDAwfSwic2NoZW1hX3ZlcnNpb24iOiIxIn0="
        }
      ]
    },
    {
      "module": "module.users",
      "mode": "managed",
      "type": "aws_dynamodb_table_item",
      "name": "admin",
      "provider": "provider[\"registry.terraform.io/hashicorp/aws\"]",
      "instances": [
        {
          "schema_version": 0,
          "attributes": {
            "hash_key": "id",
            "id": "prod-users|id||5ef6baf9-02d2-4edc-bb76-5a126a43e9f5|",
            "item": "{\n  \"id\": {\"S\": \"5ef6baf9-02d2-4edc-bb76-5a126a43e9f5\"},\n  \"name\": {\"S\": \"Admin\"},\n  \"email\": {\"S\": \"admin@email.com\"},\n  \"password\": {\"S\": \"$2y$10$UQ8e.5mrZ6Qz3cmBWPV0EeYY4IO5uNL2gFHCfvlBSj50F0HtrxV5i\"},\n  \"role\": {\"S\": \"ADMIN\"}\n}\n",
            "range_key": null,
            "table_name": "prod-users"
          },
          "sensitive_attributes": [],
          "private": "bnVsbA==",
          "dependencies": [
            "module.users.aws_dynamodb_table.users"
          ]
        }
      ]
    },
    {
      "module": "module.users",
      "mode": "managed",
      "type": "aws_iam_policy",
      "name": "login_policy",
      "provider": "provider[\"registry.terraform.io/hashicorp/aws\"]",
      "instances": [
        {
          "schema_version": 0,
          "attributes": {
            "arn": "arn:aws:iam::674164110845:policy/prod-login-policy",
            "description": "",
            "id": "arn:aws:iam::674164110845:policy/prod-login-policy",
            "name": "prod-login-policy",
            "name_prefix": null,
            "path": "/",
            "policy": "{\"Statement\":[{\"Action\":[\"dynamodb:Query\"],\"Effect\":\"Allow\",\"Resource\":\"arn:aws:dynamodb:us-east-1:674164110845:table/prod-users/index/prod-email-gsi\"},{\"Action\":[\"logs:CreateLogGroup\",\"logs:CreateLogStream\",\"logs:PutLogEvents\"],\"Effect\":\"Allow\",\"Resource\":\"*\"}],\"Version\":\"2012-10-17\"}",
            "policy_id": "ANPAZZ52P6X6RTO3K6KQ5",
            "tags": {},
            "tags_all": {}
          },
          "sensitive_attributes": [],
          "private": "bnVsbA==",
          "dependencies": [
            "module.users.aws_dynamodb_table.users"
          ]
        }
      ]
    },
    {
      "module": "module.users",
      "mode": "managed",
      "type": "aws_iam_policy",
      "name": "register_policy",
      "provider": "provider[\"registry.terraform.io/hashicorp/aws\"]",
      "instances": [
        {
          "schema_version": 0,
          "attributes": {
            "arn": "arn:aws:iam::674164110845:policy/prod-register-policy",
            "description": "",
            "id": "arn:aws:iam::674164110845:policy/prod-register-policy",
            "name": "prod-register-policy",
            "name_prefix": null,
            "path": "/",
            "policy": "{\"Statement\":[{\"Action\":[\"dynamodb:PutItem\"],\"Effect\":\"Allow\",\"Resource\":\"arn:aws:dynamodb:us-east-1:674164110845:table/prod-users\"},{\"Action\":[\"logs:CreateLogGroup\",\"logs:CreateLogStream\",\"logs:PutLogEvents\"],\"Effect\":\"Allow\",\"Resource\":\"*\"}],\"Version\":\"2012-10-17\"}",
            "policy_id": "ANPAZZ52P6X66POYBD4H6",
            "tags": {},
            "tags_all": {}
          },
          "sensitive_attributes": [],
          "private": "bnVsbA==",
          "dependencies": [
            "module.users.aws_dynamodb_table.users"
          ]
        }
      ]
    },
    {
      "module": "module.users",
      "mode": "managed",
      "type": "aws_iam_policy_attachment",
      "name": "login_policy_attachment",
      "provider": "provider[\"registry.terraform.io/hashicorp/aws\"]",
      "instances": [
        {
          "schema_version": 0,
          "attributes": {
            "groups": [],
            "id": "prod-login-attachment",
            "name": "prod-login-attachment",
            "policy_arn": "arn:aws:iam::674164110845:policy/prod-login-policy",
            "roles": [
              "prod-login-iam-role"
            ],
            "users": []
          },
          "sensitive_attributes": [],
          "private": "bnVsbA==",
          "dependencies": [
            "module.users.aws_dynamodb_table.users",
            "module.users.aws_iam_policy.login_policy",
            "module.users.aws_iam_role.login_iam_role"
          ]
        }
      ]
    },
    {
      "module": "module.users",
      "mode": "managed",
      "type": "aws_iam_policy_attachment",
      "name": "register_policy_attachment",
      "provider": "provider[\"registry.terraform.io/hashicorp/aws\"]",
      "instances": [
        {
          "schema_version": 0,
          "attributes": {
            "groups": [],
            "id": "prod-register-attachment",
            "name": "prod-register-attachment",
            "policy_arn": "arn:aws:iam::674164110845:policy/prod-register-policy",
            "roles": [
              "prod-register-iam-role"
            ],
            "users": []
          },
          "sensitive_attributes": [],
          "private": "bnVsbA==",
          "dependencies": [
            "module.users.aws_dynamodb_table.users",
            "module.users.aws_iam_policy.register_policy",
            "module.users.aws_iam_role.register_iam_role"
          ]
        }
      ]
    },
    {
      "module": "module.users",
      "mode": "managed",
      "type": "aws_iam_role",
      "name": "login_iam_role",
      "provider": "provider[\"registry.terraform.io/hashicorp/aws\"]",
      "instances": [
        {
          "schema_version": 0,
          "attributes": {
            "arn": "arn:aws:iam::674164110845:role/prod-login-iam-role",
            "assume_role_policy": "{\"Version\":\"2012-10-17\",\"Statement\":[{\"Sid\":\"\",\"Effect\":\"Allow\",\"Principal\":{\"Service\":\"lambda.amazonaws.com\"},\"Action\":\"sts:AssumeRole\"}]}",
            "create_date": "2021-08-02T00:46:10Z",
            "description": "",
            "force_detach_policies": false,
            "id": "prod-login-iam-role",
            "inline_policy": [
              {
                "name": "",
                "policy": ""
              }
            ],
            "managed_policy_arns": [
              "arn:aws:iam::674164110845:policy/prod-login-policy"
            ],
            "max_session_duration": 3600,
            "name": "prod-login-iam-role",
            "name_prefix": null,
            "path": "/",
            "permissions_boundary": null,
            "tags": {},
            "tags_all": {},
            "unique_id": "AROAZZ52P6X6VM7RITSZ7"
          },
          "sensitive_attributes": [],
          "private": "bnVsbA=="
        }
      ]
    },
    {
      "module": "module.users",
      "mode": "managed",
      "type": "aws_iam_role",
      "name": "register_iam_role",
      "provider": "provider[\"registry.terraform.io/hashicorp/aws\"]",
      "instances": [
        {
          "schema_version": 0,
          "attributes": {
            "arn": "arn:aws:iam::674164110845:role/prod-register-iam-role",
            "assume_role_policy": "{\"Version\":\"2012-10-17\",\"Statement\":[{\"Sid\":\"\",\"Effect\":\"Allow\",\"Principal\":{\"Service\":\"lambda.amazonaws.com\"},\"Action\":\"sts:AssumeRole\"}]}",
            "create_date": "2021-08-02T00:46:10Z",
            "description": "",
            "force_detach_policies": false,
            "id": "prod-register-iam-role",
            "inline_policy": [
              {
                "name": "",
                "policy": ""
              }
            ],
            "managed_policy_arns": [
              "arn:aws:iam::674164110845:policy/prod-register-policy"
            ],
            "max_session_duration": 3600,
            "name": "prod-register-iam-role",
            "name_prefix": null,
            "path": "/",
            "permissions_boundary": null,
            "tags": {},
            "tags_all": {},
            "unique_id": "AROAZZ52P6X6Z2S5YC5VQ"
          },
          "sensitive_attributes": [],
          "private": "bnVsbA=="
        }
      ]
    },
    {
      "module": "module.users",
      "mode": "managed",
      "type": "aws_ssm_parameter",
      "name": "dynamodb-users-table",
      "provider": "provider[\"registry.terraform.io/hashicorp/aws\"]",
      "instances": [
        {
          "schema_version": 0,
          "attributes": {
            "allowed_pattern": "",
            "arn": "arn:aws:ssm:us-east-1:674164110845:parameter/prod-dynamodb-users-table",
            "data_type": "text",
            "description": "",
            "id": "prod-dynamodb-users-table",
            "key_id": "",
            "name": "prod-dynamodb-users-table",
            "overwrite": null,
            "tags": {},
            "tags_all": {},
            "tier": "Standard",
            "type": "String",
            "value": "prod-users",
            "version": 1
          },
          "sensitive_attributes": [],
          "private": "bnVsbA==",
          "dependencies": [
            "module.users.aws_dynamodb_table.users"
          ]
        }
      ]
    },
    {
      "module": "module.users",
      "mode": "managed",
      "type": "aws_ssm_parameter",
      "name": "email-gsi",
      "provider": "provider[\"registry.terraform.io/hashicorp/aws\"]",
      "instances": [
        {
          "schema_version": 0,
          "attributes": {
            "allowed_pattern": "",
            "arn": "arn:aws:ssm:us-east-1:674164110845:parameter/prod-email-gsi",
            "data_type": "text",
            "description": "",
            "id": "prod-email-gsi",
            "key_id": "",
            "name": "prod-email-gsi",
            "overwrite": null,
            "tags": {},
            "tags_all": {},
            "tier": "Standard",
            "type": "String",
            "value": "prod-email-gsi",
            "version": 1
          },
          "sensitive_attributes": [],
          "private": "bnVsbA=="
        }
      ]
    },
    {
      "module": "module.users",
      "mode": "managed",
      "type": "aws_ssm_parameter",
      "name": "jwt_secret",
      "provider": "provider[\"registry.terraform.io/hashicorp/aws\"]",
      "instances": [
        {
          "schema_version": 0,
          "attributes": {
            "allowed_pattern": "",
            "arn": "arn:aws:ssm:us-east-1:674164110845:parameter/prod-jwt-secret",
            "data_type": "text",
            "description": "",
            "id": "prod-jwt-secret",
            "key_id": "",
            "name": "prod-jwt-secret",
            "overwrite": null,
            "tags": {},
            "tags_all": {},
            "tier": "Standard",
            "type": "String",
            "value": "1337@leetGameplayz!",
            "version": 1
          },
          "sensitive_attributes": [],
          "private": "bnVsbA=="
        }
      ]
    },
    {
      "module": "module.users",
      "mode": "managed",
      "type": "aws_ssm_parameter",
      "name": "login_iam_role",
      "provider": "provider[\"registry.terraform.io/hashicorp/aws\"]",
      "instances": [
        {
          "schema_version": 0,
          "attributes": {
            "allowed_pattern": "",
            "arn": "arn:aws:ssm:us-east-1:674164110845:parameter/prod-login-iam-role",
            "data_type": "text",
            "description": "",
            "id": "prod-login-iam-role",
            "key_id": "",
            "name": "prod-login-iam-role",
            "overwrite": null,
            "tags": {},
            "tags_all": {},
            "tier": "Standard",
            "type": "String",
            "value": "arn:aws:iam::674164110845:role/prod-login-iam-role",
            "version": 1
          },
          "sensitive_attributes": [],
          "private": "bnVsbA==",
          "dependencies": [
            "module.users.aws_iam_role.login_iam_role"
          ]
        }
      ]
    },
    {
      "module": "module.users",
      "mode": "managed",
      "type": "aws_ssm_parameter",
      "name": "register_iam_role",
      "provider": "provider[\"registry.terraform.io/hashicorp/aws\"]",
      "instances": [
        {
          "schema_version": 0,
          "attributes": {
            "allowed_pattern": "",
            "arn": "arn:aws:ssm:us-east-1:674164110845:parameter/prod-register-iam-role",
            "data_type": "text",
            "description": "",
            "id": "prod-register-iam-role",
            "key_id": "",
            "name": "prod-register-iam-role",
            "overwrite": null,
            "tags": {},
            "tags_all": {},
            "tier": "Standard",
            "type": "String",
            "value": "arn:aws:iam::674164110845:role/prod-register-iam-role",
            "version": 1
          },
          "sensitive_attributes": [],
          "private": "bnVsbA==",
          "dependencies": [
            "module.users.aws_iam_role.register_iam_role"
          ]
        }
      ]
    }
  ]
}
